
Microsoft Visual Studio Solution File, Format Version 12.00
# Visual Studio 15
VisualStudioVersion = 15.0.27703.2042
MinimumVisualStudioVersion = 10.0.40219.1
Project("{FAE04EC0-301F-11D3-BF4B-00C04F79EFBC}") = "PromotionEngine", "PromotionEngine\PromotionEngine.csproj", "{AFCD61E0-E87D-41AF-AD0D-5EEFF8DB4F86}"
EndProject
Project("{FAE04EC0-301F-11D3-BF4B-00C04F79EFBC}") = "PromotionEngineLibrary", "PromotionEngineLibrary\PromotionEngineLibrary.csproj", "{2C92EC59-9A2A-4C40-91BA-4F73C32B752A}"
EndProject
Project("{FAE04EC0-301F-11D3-BF4B-00C04F79EFBC}") = "PromotionEngineTest", "PromotionEngineTest\PromotionEngineTest.csproj", "{6BC55164-F729-48E2-90FD-FD3C6B0B5F4D}"
EndProject
Global
	GlobalSection(SolutionConfigurationPlatforms) = preSolution
		Debug|Any CPU = Debug|Any CPU
		Debug|ARM = Debug|ARM
		Debug|x64 = Debug|x64
		Debug|x86 = Debug|x86
		Release|Any CPU = Release|Any CPU
		Release|ARM = Release|ARM
		Release|x64 = Release|x64
		Release|x86 = Release|x86
	EndGlobalSection
	GlobalSection(ProjectConfigurationPlatforms) = postSolution
		{AFCD61E0-E87D-41AF-AD0D-5EEFF8DB4F86}.Debug|Any CPU.ActiveCfg = Debug|Any CPU
		{AFCD61E0-E87D-41AF-AD0D-5EEFF8DB4F86}.Debug|Any CPU.Build.0 = Debug|Any CPU
		{AFCD61E0-E87D-41AF-AD0D-5EEFF8DB4F86}.Debug|ARM.ActiveCfg = Debug|Any CPU
		{AFCD61E0-E87D-41AF-AD0D-5EEFF8DB4F86}.Debug|ARM.Build.0 = Debug|Any CPU
		{AFCD61E0-E87D-41AF-AD0D-5EEFF8DB4F86}.Debug|x64.ActiveCfg = Debug|Any CPU
		{AFCD61E0-E87D-41AF-AD0D-5EEFF8DB4F86}.Debug|x64.Build.0 = Debug|Any CPU
		{AFCD61E0-E87D-41AF-AD0D-5EEFF8DB4F86}.Debug|x86.ActiveCfg = Debug|Any CPU
		{AFCD61E0-E87D-41AF-AD0D-5EEFF8DB4F86}.Debug|x86.Build.0 = Debug|Any CPU
		{AFCD61E0-E87D-41AF-AD0D-5EEFF8DB4F86}.Release|Any CPU.ActiveCfg = Release|Any CPU
		{AFCD61E0-E87D-41AF-AD0D-5EEFF8DB4F86}.Release|Any CPU.Build.0 = Release|Any CPU
		{AFCD61E0-E87D-41AF-AD0D-5EEFF8DB4F86}.Release|ARM.ActiveCfg = Release|Any CPU
		{AFCD61E0-E87D-41AF-AD0D-5EEFF8DB4F86}.Release|ARM.Build.0 = Release|Any CPU
		{AFCD61E0-E87D-41AF-AD0D-5EEFF8DB4F86}.Release|x64.ActiveCfg = Release|Any CPU
		{AFCD61E0-E87D-41AF-AD0D-5EEFF8DB4F86}.Release|x64.Build.0 = Release|Any CPU
		{AFCD61E0-E87D-41AF-AD0D-5EEFF8DB4F86}.Release|x86.ActiveCfg = Release|Any CPU
		{AFCD61E0-E87D-41AF-AD0D-5EEFF8DB4F86}.Release|x86.Build.0 = Release|Any CPU
		{2C92EC59-9A2A-4C40-91BA-4F73C32B752A}.Debug|Any CPU.ActiveCfg = Debug|Any CPU
		{2C92EC59-9A2A-4C40-91BA-4F73C32B752A}.Debug|Any CPU.Build.0 = Debug|Any CPU
		{2C92EC59-9A2A-4C40-91BA-4F73C32B752A}.Debug|ARM.ActiveCfg = Debug|Any CPU
		{2C92EC59-9A2A-4C40-91BA-4F73C32B752A}.Debug|ARM.Build.0 = Debug|Any CPU
		{2C92EC59-9A2A-4C40-91BA-4F73C32B752A}.Debug|x64.ActiveCfg = Debug|Any CPU
		{2C92EC59-9A2A-4C40-91BA-4F73C32B752A}.Debug|x64.Build.0 = Debug|Any CPU
		{2C92EC59-9A2A-4C40-91BA-4F73C32B752A}.Debug|x86.ActiveCfg = Debug|Any CPU
		{2C92EC59-9A2A-4C40-91BA-4F73C32B752A}.Debug|x86.Build.0 = Debug|Any CPU
		{2C92EC59-9A2A-4C40-91BA-4F73C32B752A}.Release|Any CPU.ActiveCfg = Release|Any CPU
		{2C92EC59-9A2A-4C40-91BA-4F73C32B752A}.Release|Any CPU.Build.0 = Release|Any CPU
		{2C92EC59-9A2A-4C40-91BA-4F73C32B752A}.Release|ARM.ActiveCfg = Release|Any CPU
		{2C92EC59-9A2A-4C40-91BA-4F73C32B752A}.Release|ARM.Build.0 = Release|Any CPU
		{2C92EC59-9A2A-4C40-91BA-4F73C32B752A}.Release|x64.ActiveCfg = Release|Any CPU
		{2C92EC59-9A2A-4C40-91BA-4F73C32B752A}.Release|x64.Build.0 = Release|Any CPU
		{2C92EC59-9A2A-4C40-91BA-4F73C32B752A}.Release|x86.ActiveCfg = Release|Any CPU
		{2C92EC59-9A2A-4C40-91BA-4F73C32B752A}.Release|x86.Build.0 = Release|Any CPU
		{6BC55164-F729-48E2-90FD-FD3C6B0B5F4D}.Debug|Any CPU.ActiveCfg = Debug|Any CPU
		{6BC55164-F729-48E2-90FD-FD3C6B0B5F4D}.Debug|Any CPU.Build.0 = Debug|Any CPU
		{6BC55164-F729-48E2-90FD-FD3C6B0B5F4D}.Debug|ARM.ActiveCfg = Debug|Any CPU
		{6BC55164-F729-48E2-90FD-FD3C6B0B5F4D}.Debug|ARM.Build.0 = Debug|Any CPU
		{6BC55164-F729-48E2-90FD-FD3C6B0B5F4D}.Debug|x64.ActiveCfg = Debug|Any CPU
		{6BC55164-F729-48E2-90FD-FD3C6B0B5F4D}.Debug|x64.Build.0 = Debug|Any CPU
		{6BC55164-F729-48E2-90FD-FD3C6B0B5F4D}.Debug|x86.ActiveCfg = Debug|Any CPU
		{6BC55164-F729-48E2-90FD-FD3C6B0B5F4D}.Debug|x86.Build.0 = Debug|Any CPU
		{6BC55164-F729-48E2-90FD-FD3C6B0B5F4D}.Release|Any CPU.ActiveCfg = Release|Any CPU
		{6BC55164-F729-48E2-90FD-FD3C6B0B5F4D}.Release|Any CPU.Build.0 = Release|Any CPU
		{6BC55164-F729-48E2-90FD-FD3C6B0B5F4D}.Release|ARM.ActiveCfg = Release|Any CPU
		{6BC55164-F729-48E2-90FD-FD3C6B0B5F4D}.Release|ARM.Build.0 = Release|Any CPU
		{6BC55164-F729-48E2-90FD-FD3C6B0B5F4D}.Release|x64.ActiveCfg = Release|Any CPU
		{6BC55164-F729-48E2-90FD-FD3C6B0B5F4D}.Release|x64.Build.0 = Release|Any CPU
		{6BC55164-F729-48E2-90FD-FD3C6B0B5F4D}.Release|x86.ActiveCfg = Release|Any CPU
		{6BC55164-F729-48E2-90FD-FD3C6B0B5F4D}.Release|x86.Build.0 = Release|Any CPU
	EndGlobalSection
	GlobalSection(SolutionProperties) = preSolution
		HideSolutionNode = FALSE
	EndGlobalSection
	GlobalSection(ExtensibilityGlobals) = postSolution
		SolutionGuid = {C2789C49-B8F6-403D-B2CD-1F8136EC3AD5}
	EndGlobalSection
EndGlobal
